PODS:
  - TinderSwipeView (1.1.2)

DEPENDENCIES:
  - TinderSwipeView

SPEC REPOS:
  https://github.com/cocoapods/specs.git:
    - TinderSwipeView

SPEC CHECKSUMS:
  TinderSwipeView: 4fa91b414127abab5d82daa884542b52c3b76a05

PODFILE CHECKSUM: f8ba4fe83920b9e3f0f8183af10e6b4e21a1199a

COCOAPODS: 1.7.0
