// !$*UTF8*$!
{
	archiveVersion = 1;
	classes = {
	};
	objectVersion = 48;
	objects = {

/* Begin PBXBuildFile section */
		0A3FBA7A2179E07E00D52F73 /* GradientView.swift in Sources */ = {isa = PBXBuildFile; fileRef = 0A3FBA792179E07E00D52F73 /* GradientView.swift */; };
		E19A4F5720B9915D00D2BE9E /* Tinder.storyboard in Resources */ = {isa = PBXBuildFile; fileRef = E19A4F5520B9915D00D2BE9E /* Tinder.storyboard */; };
		E1B2075B2014956500E0A3A2 /* Assets.xcassets in Resources */ = {isa = PBXBuildFile; fileRef = E1B2075A2014956400E0A3A2 /* Assets.xcassets */; };
		E1B3FCA01FBDA0FD0038ADF9 /* AppDelegate.swift in Sources */ = {isa = PBXBuildFile; fileRef = E1B3FC9F1FBDA0FD0038ADF9 /* AppDelegate.swift */; };
		E1B3FCA21FBDA0FD0038ADF9 /* ViewController.swift in Sources */ = {isa = PBXBuildFile; fileRef = E1B3FCA11FBDA0FD0038ADF9 /* ViewController.swift */; };
		E1B3FCAA1FBDA0FD0038ADF9 /* LaunchScreen.storyboard in Resources */ = {isa = PBXBuildFile; fileRef = E1B3FCA81FBDA0FD0038ADF9 /* LaunchScreen.storyboard */; };
		E1B3FCB41FBDA13D0038ADF9 /* TinderCard.swift in Sources */ = {isa = PBXBuildFile; fileRef = E1B3FCB31FBDA13D0038ADF9 /* TinderCard.swift */; };
		E1D0EE4C20BA7A07008E0A09 /* EmojiRateView.swift in Sources */ = {isa = PBXBuildFile; fileRef = E1D0EE4B20BA7A07008E0A09 /* EmojiRateView.swift */; };
		E1E7C59221AD6846003E0E63 /* Screen Shot .png in Resources */ = {isa = PBXBuildFile; fileRef = E1E7C58F21AD6846003E0E63 /* Screen Shot .png */; };
		E1E7C59821AD7484003E0E63 /* Screen Shot Like.png in Resources */ = {isa = PBXBuildFile; fileRef = E1E7C59621AD7483003E0E63 /* Screen Shot Like.png */; };
		E1E7C59921AD7484003E0E63 /* Screen Shot DIislike.png in Resources */ = {isa = PBXBuildFile; fileRef = E1E7C59721AD7484003E0E63 /* Screen Shot DIislike.png */; };
/* End PBXBuildFile section */

/* Begin PBXFileReference section */
		0A3FBA792179E07E00D52F73 /* GradientView.swift */ = {isa = PBXFileReference; lastKnownFileType = sourcecode.swift; path = GradientView.swift; sourceTree = "<group>"; };
		E19A4F5620B9915D00D2BE9E /* Base */ = {isa = PBXFileReference; lastKnownFileType = file.storyboard; name = Base; path = Base.lproj/Tinder.storyboard; sourceTree = "<group>"; };
		E1B2075A2014956400E0A3A2 /* Assets.xcassets */ = {isa = PBXFileReference; lastKnownFileType = folder.assetcatalog; path = Assets.xcassets; sourceTree = "<group>"; };
		E1B3FC9C1FBDA0FD0038ADF9 /* testingTinderSwipe.app */ = {isa = PBXFileReference; explicitFileType = wrapper.application; includeInIndex = 0; path = testingTinderSwipe.app; sourceTree = BUILT_PRODUCTS_DIR; };
		E1B3FC9F1FBDA0FD0038ADF9 /* AppDelegate.swift */ = {isa = PBXFileReference; lastKnownFileType = sourcecode.swift; path = AppDelegate.swift; sourceTree = "<group>"; };
		E1B3FCA11FBDA0FD0038ADF9 /* ViewController.swift */ = {isa = PBXFileReference; lastKnownFileType = sourcecode.swift; path = ViewController.swift; sourceTree = "<group>"; };
		E1B3FCA91FBDA0FD0038ADF9 /* Base */ = {isa = PBXFileReference; lastKnownFileType = file.storyboard; name = Base; path = Base.lproj/LaunchScreen.storyboard; sourceTree = "<group>"; };
		E1B3FCAB1FBDA0FD0038ADF9 /* Info.plist */ = {isa = PBXFileReference; lastKnownFileType = text.plist.xml; path = Info.plist; sourceTree = "<group>"; };
		E1B3FCB31FBDA13D0038ADF9 /* TinderCard.swift */ = {isa = PBXFileReference; lastKnownFileType = sourcecode.swift; path = TinderCard.swift; sourceTree = "<group>"; };
		E1D0EE4B20BA7A07008E0A09 /* EmojiRateView.swift */ = {isa = PBXFileReference; fileEncoding = 4; lastKnownFileType = sourcecode.swift; path = EmojiRateView.swift; sourceTree = "<group>"; };
		E1E7C58F21AD6846003E0E63 /* Screen Shot .png */ = {isa = PBXFileReference; lastKnownFileType = image.png; path = "Screen Shot .png"; sourceTree = "<group>"; };
		E1E7C59621AD7483003E0E63 /* Screen Shot Like.png */ = {isa = PBXFileReference; lastKnownFileType = image.png; path = "Screen Shot Like.png"; sourceTree = "<group>"; };
		E1E7C59721AD7484003E0E63 /* Screen Shot DIislike.png */ = {isa = PBXFileReference; lastKnownFileType = image.png; path = "Screen Shot DIislike.png"; sourceTree = "<group>"; };
/* End PBXFileReference section */

/* Begin PBXFrameworksBuildPhase section */
		E1B3FC991FBDA0FD0038ADF9 /* Frameworks */ = {
			isa = PBXFrameworksBuildPhase;
			buildActionMask = 2147483647;
			files = (
			);
			runOnlyForDeploymentPostprocessing = 0;
		};
/* End PBXFrameworksBuildPhase section */

/* Begin PBXGroup section */
		E1B3FC931FBDA0FD0038ADF9 = {
			isa = PBXGroup;
			children = (
				E1B3FC9E1FBDA0FD0038ADF9 /* testingTinderSwipe */,
				E1B3FC9D1FBDA0FD0038ADF9 /* Products */,
			);
			sourceTree = "<group>";
		};
		E1B3FC9D1FBDA0FD0038ADF9 /* Products */ = {
			isa = PBXGroup;
			children = (
				E1B3FC9C1FBDA0FD0038ADF9 /* testingTinderSwipe.app */,
			);
			name = Products;
			sourceTree = "<group>";
		};
		E1B3FC9E1FBDA0FD0038ADF9 /* testingTinderSwipe */ = {
			isa = PBXGroup;
			children = (
				E1E7C58F21AD6846003E0E63 /* Screen Shot .png */,
				E1E7C59721AD7484003E0E63 /* Screen Shot DIislike.png */,
				E1E7C59621AD7483003E0E63 /* Screen Shot Like.png */,
				E1B3FC9F1FBDA0FD0038ADF9 /* AppDelegate.swift */,
				E1B3FCA11FBDA0FD0038ADF9 /* ViewController.swift */,
				E1B3FCB31FBDA13D0038ADF9 /* TinderCard.swift */,
				E1D0EE4B20BA7A07008E0A09 /* EmojiRateView.swift */,
				0A3FBA792179E07E00D52F73 /* GradientView.swift */,
				E1B2075A2014956400E0A3A2 /* Assets.xcassets */,
				E19A4F5520B9915D00D2BE9E /* Tinder.storyboard */,
				E1B3FCA81FBDA0FD0038ADF9 /* LaunchScreen.storyboard */,
				E1B3FCAB1FBDA0FD0038ADF9 /* Info.plist */,
			);
			path = testingTinderSwipe;
			sourceTree = "<group>";
		};
/* End PBXGroup section */

/* Begin PBXNativeTarget section */
		E1B3FC9B1FBDA0FD0038ADF9 /* testingTinderSwipe */ = {
			isa = PBXNativeTarget;
			buildConfigurationList = E1B3FCAE1FBDA0FD0038ADF9 /* Build configuration list for PBXNativeTarget "testingTinderSwipe" */;
			buildPhases = (
				E1B3FC981FBDA0FD0038ADF9 /* Sources */,
				E1B3FC991FBDA0FD0038ADF9 /* Frameworks */,
				E1B3FC9A1FBDA0FD0038ADF9 /* Resources */,
			);
			buildRules = (
			);
			dependencies = (
			);
			name = testingTinderSwipe;
			productName = testingTinderSwipe;
			productReference = E1B3FC9C1FBDA0FD0038ADF9 /* testingTinderSwipe.app */;
			productType = "com.apple.product-type.application";
		};
/* End PBXNativeTarget section */

/* Begin PBXProject section */
		E1B3FC941FBDA0FD0038ADF9 /* Project object */ = {
			isa = PBXProject;
			attributes = {
				LastSwiftUpdateCheck = 0910;
				LastUpgradeCheck = 0930;
				ORGANIZATIONNAME = Nicky;
				TargetAttributes = {
					E1B3FC9B1FBDA0FD0038ADF9 = {
						CreatedOnToolsVersion = 9.1;
						ProvisioningStyle = Automatic;
					};
				};
			};
			buildConfigurationList = E1B3FC971FBDA0FD0038ADF9 /* Build configuration list for PBXProject "testingTinderSwipe" */;
			compatibilityVersion = "Xcode 8.0";
			developmentRegion = en;
			hasScannedForEncodings = 0;
			knownRegions = (
				en,
				Base,
			);
			mainGroup = E1B3FC931FBDA0FD0038ADF9;
			productRefGroup = E1B3FC9D1FBDA0FD0038ADF9 /* Products */;
			projectDirPath = "";
			projectRoot = "";
			targets = (
				E1B3FC9B1FBDA0FD0038ADF9 /* testingTinderSwipe */,
			);
		};
/* End PBXProject section */

/* Begin PBXResourcesBuildPhase section */
		E1B3FC9A1FBDA0FD0038ADF9 /* Resources */ = {
			isa = PBXResourcesBuildPhase;
			buildActionMask = 2147483647;
			files = (
				E1E7C59221AD6846003E0E63 /* Screen Shot .png in Resources */,
				E1E7C59921AD7484003E0E63 /* Screen Shot DIislike.png in Resources */,
				E1B3FCAA1FBDA0FD0038ADF9 /* LaunchScreen.storyboard in Resources */,
				E19A4F5720B9915D00D2BE9E /* Tinder.storyboard in Resources */,
				E1B2075B2014956500E0A3A2 /* Assets.xcassets in Resources */,
				E1E7C59821AD7484003E0E63 /* Screen Shot Like.png in Resources */,
			);
			runOnlyForDeploymentPostprocessing = 0;
		};
/* End PBXResourcesBuildPhase section */

/* Begin PBXSourcesBuildPhase section */
		E1B3FC981FBDA0FD0038ADF9 /* Sources */ = {
			isa = PBXSourcesBuildPhase;
			buildActionMask = 2147483647;
			files = (
				E1B3FCA21FBDA0FD0038ADF9 /* ViewController.swift in Sources */,
				E1D0EE4C20BA7A07008E0A09 /* EmojiRateView.swift in Sources */,
				0A3FBA7A2179E07E00D52F73 /* GradientView.swift in Sources */,
				E1B3FCA01FBDA0FD0038ADF9 /* AppDelegate.swift in Sources */,
				E1B3FCB41FBDA13D0038ADF9 /* TinderCard.swift in Sources */,
			);
			runOnlyForDeploymentPostprocessing = 0;
		};
/* End PBXSourcesBuildPhase section */

/* Begin PBXVariantGroup section */
		E19A4F5520B9915D00D2BE9E /* Tinder.storyboard */ = {
			isa = PBXVariantGroup;
			children = (
				E19A4F5620B9915D00D2BE9E /* Base */,
			);
			name = Tinder.storyboard;
			sourceTree = "<group>";
		};
		E1B3FCA81FBDA0FD0038ADF9 /* LaunchScreen.storyboard */ = {
			isa = PBXVariantGroup;
			children = (
				E1B3FCA91FBDA0FD0038ADF9 /* Base */,
			);
			name = LaunchScreen.storyboard;
			sourceTree = "<group>";
		};
/* End PBXVariantGroup section */

/* Begin XCBuildConfiguration section */
		E1B3FCAC1FBDA0FD0038ADF9 /* Debug */ = {
			isa = XCBuildConfiguration;
			buildSettings = {
				ALWAYS_SEARCH_USER_PATHS = NO;
				CLANG_ANALYZER_NONNULL = YES;
				CLANG_ANALYZER_NUMBER_OBJECT_CONVERSION = YES_AGGRESSIVE;
				CLANG_CXX_LANGUAGE_STANDARD = "gnu++14";
				CLANG_CXX_LIBRARY = "libc++";
				CLANG_ENABLE_MODULES = YES;
				CLANG_ENABLE_OBJC_ARC = YES;
				CLANG_WARN_BLOCK_CAPTURE_AUTORELEASING = YES;
				CLANG_WARN_BOOL_CONVERSION = YES;
				CLANG_WARN_COMMA = YES;
				CLANG_WARN_CONSTANT_CONVERSION = YES;
				CLANG_WARN_DEPRECATED_OBJC_IMPLEMENTATIONS = YES;
				CLANG_WARN_DIRECT_OBJC_ISA_USAGE = YES_ERROR;
				CLANG_WARN_DOCUMENTATION_COMMENTS = YES;
				CLANG_WARN_EMPTY_BODY = YES;
				CLANG_WARN_ENUM_CONVERSION = YES;
				CLANG_WARN_INFINITE_RECURSION = YES;
				CLANG_WARN_INT_CONVERSION = YES;
				CLANG_WARN_NON_LITERAL_NULL_CONVERSION = YES;
				CLANG_WARN_OBJC_IMPLICIT_RETAIN_SELF = YES;
				CLANG_WARN_OBJC_LITERAL_CONVERSION = YES;
				CLANG_WARN_OBJC_ROOT_CLASS = YES_ERROR;
				CLANG_WARN_RANGE_LOOP_ANALYSIS = YES;
				CLANG_WARN_STRICT_PROTOTYPES = YES;
				CLANG_WARN_SUSPICIOUS_MOVE = YES;
				CLANG_WARN_UNGUARDED_AVAILABILITY = YES_AGGRESSIVE;
				CLANG_WARN_UNREACHABLE_CODE = YES;
				CLANG_WARN__DUPLICATE_METHOD_MATCH = YES;
				CODE_SIGN_IDENTITY = "iPhone Developer";
				COPY_PHASE_STRIP = NO;
				DEBUG_INFORMATION_FORMAT = dwarf;
				ENABLE_STRICT_OBJC_MSGSEND = YES;
				ENABLE_TESTABILITY = YES;
				GCC_C_LANGUAGE_STANDARD = gnu11;
				GCC_DYNAMIC_NO_PIC = NO;
				GCC_NO_COMMON_BLOCKS = YES;
				GCC_OPTIMIZATION_LEVEL = 0;
				GCC_PREPROCESSOR_DEFINITIONS = (
					"DEBUG=1",
					"$(inherited)",
				);
				GCC_WARN_64_TO_32_BIT_CONVERSION = YES;
				GCC_WARN_ABOUT_RETURN_TYPE = YES_ERROR;
				GCC_WARN_UNDECLARED_SELECTOR = YES;
				GCC_WARN_UNINITIALIZED_AUTOS = YES_AGGRESSIVE;
				GCC_WARN_UNUSED_FUNCTION = YES;
				GCC_WARN_UNUSED_VARIABLE = YES;
				IPHONEOS_DEPLOYMENT_TARGET = 11.1;
				MTL_ENABLE_DEBUG_INFO = YES;
				ONLY_ACTIVE_ARCH = YES;
				SDKROOT = iphoneos;
				SWIFT_ACTIVE_COMPILATION_CONDITIONS = DEBUG;
				SWIFT_OPTIMIZATION_LEVEL = "-Onone";
			};
			name = Debug;
		};
		E1B3FCAD1FBDA0FD0038ADF9 /* Release */ = {
			isa = XCBuildConfiguration;
			buildSettings = {
				ALWAYS_SEARCH_USER_PATHS = NO;
				CLANG_ANALYZER_NONNULL = YES;
				CLANG_ANALYZER_NUMBER_OBJECT_CONVERSION = YES_AGGRESSIVE;
				CLANG_CXX_LANGUAGE_STANDARD = "gnu++14";
				CLANG_CXX_LIBRARY = "libc++";
				CLANG_ENABLE_MODULES = YES;
				CLANG_ENABLE_OBJC_ARC = YES;
				CLANG_WARN_BLOCK_CAPTURE_AUTORELEASING = YES;
				CLANG_WARN_BOOL_CONVERSION = YES;
				CLANG_WARN_COMMA = YES;
				CLANG_WARN_CONSTANT_CONVERSION = YES;
				CLANG_WARN_DEPRECATED_OBJC_IMPLEMENTATIONS = YES;
				CLANG_WARN_DIRECT_OBJC_ISA_USAGE = YES_ERROR;
				CLANG_WARN_DOCUMENTATION_COMMENTS = YES;
				CLANG_WARN_EMPTY_BODY = YES;
				CLANG_WARN_ENUM_CONVERSION = YES;
				CLANG_WARN_INFINITE_RECURSION = YES;
				CLANG_WARN_INT_CONVERSION = YES;
				CLANG_WARN_NON_LITERAL_NULL_CONVERSION = YES;
				CLANG_WARN_OBJC_IMPLICIT_RETAIN_SELF = YES;
				CLANG_WARN_OBJC_LITERAL_CONVERSION = YES;
				CLANG_WARN_OBJC_ROOT_CLASS = YES_ERROR;
				CLANG_WARN_RANGE_LOOP_ANALYSIS = YES;
				CLANG_WARN_STRICT_PROTOTYPES = YES;
				CLANG_WARN_SUSPICIOUS_MOVE = YES;
				CLANG_WARN_UNGUARDED_AVAILABILITY = YES_AGGRESSIVE;
				CLANG_WARN_UNREACHABLE_CODE = YES;
				CLANG_WARN__DUPLICATE_METHOD_MATCH = YES;
				CODE_SIGN_IDENTITY = "iPhone Developer";
				COPY_PHASE_STRIP = NO;
				DEBUG_INFORMATION_FORMAT = "dwarf-with-dsym";
				ENABLE_NS_ASSERTIONS = NO;
				ENABLE_STRICT_OBJC_MSGSEND = YES;
				GCC_C_LANGUAGE_STANDARD = gnu11;
				GCC_NO_COMMON_BLOCKS = YES;
				GCC_WARN_64_TO_32_BIT_CONVERSION = YES;
				GCC_WARN_ABOUT_RETURN_TYPE = YES_ERROR;
				GCC_WARN_UNDECLARED_SELECTOR = YES;
				GCC_WARN_UNINITIALIZED_AUTOS = YES_AGGRESSIVE;
				GCC_WARN_UNUSED_FUNCTION = YES;
				GCC_WARN_UNUSED_VARIABLE = YES;
				IPHONEOS_DEPLOYMENT_TARGET = 11.1;
				MTL_ENABLE_DEBUG_INFO = NO;
				SDKROOT = iphoneos;
				SWIFT_OPTIMIZATION_LEVEL = "-Owholemodule";
				VALIDATE_PRODUCT = YES;
			};
			name = Release;
		};
		E1B3FCAF1FBDA0FD0038ADF9 /* Debug */ = {
			isa = XCBuildConfiguration;
			buildSettings = {
				ASSETCATALOG_COMPILER_APPICON_NAME = AppIcon;
				CODE_SIGN_STYLE = Automatic;
				DEVELOPMENT_TEAM = VLS2Q2YMXW;
				INFOPLIST_FILE = testingTinderSwipe/Info.plist;
				IPHONEOS_DEPLOYMENT_TARGET = 11.0;
				LD_RUNPATH_SEARCH_PATHS = "$(inherited) @executable_path/Frameworks";
				PRODUCT_BUNDLE_IDENTIFIER = com.nickypatson.testingTinderSwipe;
				PRODUCT_NAME = "$(TARGET_NAME)";
				SWIFT_VERSION = 4.2;
				TARGETED_DEVICE_FAMILY = "1,2";
			};
			name = Debug;
		};
		E1B3FCB01FBDA0FD0038ADF9 /* Release */ = {
			isa = XCBuildConfiguration;
			buildSettings = {
				ASSETCATALOG_COMPILER_APPICON_NAME = AppIcon;
				CODE_SIGN_STYLE = Automatic;
				DEVELOPMENT_TEAM = VLS2Q2YMXW;
				INFOPLIST_FILE = testingTinderSwipe/Info.plist;
				IPHONEOS_DEPLOYMENT_TARGET = 11.0;
				LD_RUNPATH_SEARCH_PATHS = "$(inherited) @executable_path/Frameworks";
				PRODUCT_BUNDLE_IDENTIFIER = com.nickypatson.testingTinderSwipe;
				PRODUCT_NAME = "$(TARGET_NAME)";
				SWIFT_VERSION = 4.2;
				TARGETED_DEVICE_FAMILY = "1,2";
			};
			name = Release;
		};
/* End XCBuildConfiguration section */

/* Begin XCConfigurationList section */
		E1B3FC971FBDA0FD0038ADF9 /* Build configuration list for PBXProject "testingTinderSwipe" */ = {
			isa = XCConfigurationList;
			buildConfigurations = (
				E1B3FCAC1FBDA0FD0038ADF9 /* Debug */,
				E1B3FCAD1FBDA0FD0038ADF9 /* Release */,
			);
			defaultConfigurationIsVisible = 0;
			defaultConfigurationName = Release;
		};
		E1B3FCAE1FBDA0FD0038ADF9 /* Build configuration list for PBXNativeTarget "testingTinderSwipe" */ = {
			isa = XCConfigurationList;
			buildConfigurations = (
				E1B3FCAF1FBDA0FD0038ADF9 /* Debug */,
				E1B3FCB01FBDA0FD0038ADF9 /* Release */,
			);
			defaultConfigurationIsVisible = 0;
			defaultConfigurationName = Release;
		};
/* End XCConfigurationList section */
	};
	rootObject = E1B3FC941FBDA0FD0038ADF9 /* Project object */;
}
